{
  "name": "miniprogram",
  "version": "1.0.0",
  "lockfileVersion": 1,
  "requires": true,
  "dependencies": {
    "miniprogram-recycle-view": {
      "version": "0.0.6",
      "resolved": "https://registry.npmjs.org/miniprogram-recycle-view/-/miniprogram-recycle-view-0.0.6.tgz",
      "integrity": "sha512-zC66vYlhlWmCa5686Ql7SDBtRTskmPLIUAOBrRjlf8SFakWmTl3L4UQ3GlZGK9H4oz23hAODLJ7k8OfaQMV8dw=="
    }
  }
}
